
Microsoft Visual Studio Solution File, Format Version 12.00
# Visual Studio 15
VisualStudioVersion = 15.0.28307.421
MinimumVisualStudioVersion = 10.0.40219.1
Project("{FAE04EC0-301F-11D3-BF4B-00C04F79EFBC}") = "Console App Concept practice", "Console App Concept practice\Console App Concept practice.csproj", "{57331556-1221-486A-8E36-290355A11BE2}"
EndProject
Global
	GlobalSection(SolutionConfigurationPlatforms) = preSolution
		Debug|Any CPU = Debug|Any CPU
		Release|Any CPU = Release|Any CPU
	EndGlobalSection
	GlobalSection(ProjectConfigurationPlatforms) = postSolution
		{57331556-1221-486A-8E36-290355A11BE2}.Debug|Any CPU.ActiveCfg = Debug|Any CPU
		{57331556-1221-486A-8E36-290355A11BE2}.Debug|Any CPU.Build.0 = Debug|Any CPU
		{57331556-1221-486A-8E36-290355A11BE2}.Release|Any CPU.ActiveCfg = Release|Any CPU
		{57331556-1221-486A-8E36-290355A11BE2}.Release|Any CPU.Build.0 = Release|Any CPU
	EndGlobalSection
	GlobalSection(SolutionProperties) = preSolution
		HideSolutionNode = FALSE
	EndGlobalSection
	GlobalSection(ExtensibilityGlobals) = postSolution
		SolutionGuid = {D3312A6F-FF16-4EC9-928F-434CA42326FE}
	EndGlobalSection
EndGlobal
